
Microsoft Visual Studio Solution File, Format Version 12.00
# Visual Studio Version 17
VisualStudioVersion = 17.8.34525.116
MinimumVisualStudioVersion = 10.0.40219.1
Project("{FAE04EC0-301F-11D3-BF4B-00C04F79EFBC}") = "MotivationalMessage", "MotivationalMessage\MotivationalMessage.csproj", "{0160EAB2-FBF7-422F-A029-97A8E051DDE9}"
EndProject
Global
	GlobalSection(SolutionConfigurationPlatforms) = preSolution
		Debug|Any CPU = Debug|Any CPU
		Release|Any CPU = Release|Any CPU
	EndGlobalSection
	GlobalSection(ProjectConfigurationPlatforms) = postSolution
		{0160EAB2-FBF7-422F-A029-97A8E051DDE9}.Debug|Any CPU.ActiveCfg = Debug|Any CPU
		{0160EAB2-FBF7-422F-A029-97A8E051DDE9}.Debug|Any CPU.Build.0 = Debug|Any CPU
		{0160EAB2-FBF7-422F-A029-97A8E051DDE9}.Release|Any CPU.ActiveCfg = Release|Any CPU
		{0160EAB2-FBF7-422F-A029-97A8E051DDE9}.Release|Any CPU.Build.0 = Release|Any CPU
	EndGlobalSection
	GlobalSection(SolutionProperties) = preSolution
		HideSolutionNode = FALSE
	EndGlobalSection
	GlobalSection(ExtensibilityGlobals) = postSolution
		SolutionGuid = {8A922F3E-FCFA-443A-9F93-D68C1F77C7D4}
	EndGlobalSection
EndGlobal
